
Microsoft Visual Studio Solution File, Format Version 12.00
# Visual Studio Version 17
VisualStudioVersion = 17.2.32516.85
MinimumVisualStudioVersion = 10.0.40219.1
Project("{9A19103F-16F7-4668-BE54-9A1E7A4F7556}") = "Digesto.Api", "Digesto.Api\Digesto.Api.csproj", "{C58297CB-6036-44D1-BB24-1689B5F71129}"
EndProject
Project("{9A19103F-16F7-4668-BE54-9A1E7A4F7556}") = "Digesto.Domain", "Digesto.Domain\Digesto.Domain.csproj", "{BC24F106-3189-420F-B34A-6AA586977E56}"
EndProject
Project("{9A19103F-16F7-4668-BE54-9A1E7A4F7556}") = "Digesto.Application", "Digesto.Application\Digesto.Application.csproj", "{1AEBB63F-E425-4671-A0CC-52BDD6E18AD7}"
EndProject
Project("{9A19103F-16F7-4668-BE54-9A1E7A4F7556}") = "Digesto.Infra", "Digesto.Infra\Digesto.Infra.csproj", "{014785A6-9E4D-458A-85A1-245E4978FC9E}"
EndProject
Project("{FAE04EC0-301F-11D3-BF4B-00C04F79EFBC}") = "Digesto.Admin.Api", "Digesto.Admin.Api\Digesto.Admin.Api.csproj", "{884DCBA4-5D88-4C9B-824B-88DBBEDDF5B3}"
EndProject
Global
	GlobalSection(SolutionConfigurationPlatforms) = preSolution
		Debug|Any CPU = Debug|Any CPU
		Release|Any CPU = Release|Any CPU
	EndGlobalSection
	GlobalSection(ProjectConfigurationPlatforms) = postSolution
		{C58297CB-6036-44D1-BB24-1689B5F71129}.Debug|Any CPU.ActiveCfg = Debug|Any CPU
		{C58297CB-6036-44D1-BB24-1689B5F71129}.Debug|Any CPU.Build.0 = Debug|Any CPU
		{C58297CB-6036-44D1-BB24-1689B5F71129}.Release|Any CPU.ActiveCfg = Release|Any CPU
		{C58297CB-6036-44D1-BB24-1689B5F71129}.Release|Any CPU.Build.0 = Release|Any CPU
		{BC24F106-3189-420F-B34A-6AA586977E56}.Debug|Any CPU.ActiveCfg = Debug|Any CPU
		{BC24F106-3189-420F-B34A-6AA586977E56}.Debug|Any CPU.Build.0 = Debug|Any CPU
		{BC24F106-3189-420F-B34A-6AA586977E56}.Release|Any CPU.ActiveCfg = Release|Any CPU
		{BC24F106-3189-420F-B34A-6AA586977E56}.Release|Any CPU.Build.0 = Release|Any CPU
		{1AEBB63F-E425-4671-A0CC-52BDD6E18AD7}.Debug|Any CPU.ActiveCfg = Debug|Any CPU
		{1AEBB63F-E425-4671-A0CC-52BDD6E18AD7}.Debug|Any CPU.Build.0 = Debug|Any CPU
		{1AEBB63F-E425-4671-A0CC-52BDD6E18AD7}.Release|Any CPU.ActiveCfg = Release|Any CPU
		{1AEBB63F-E425-4671-A0CC-52BDD6E18AD7}.Release|Any CPU.Build.0 = Release|Any CPU
		{014785A6-9E4D-458A-85A1-245E4978FC9E}.Debug|Any CPU.ActiveCfg = Debug|Any CPU
		{014785A6-9E4D-458A-85A1-245E4978FC9E}.Debug|Any CPU.Build.0 = Debug|Any CPU
		{014785A6-9E4D-458A-85A1-245E4978FC9E}.Release|Any CPU.ActiveCfg = Release|Any CPU
		{014785A6-9E4D-458A-85A1-245E4978FC9E}.Release|Any CPU.Build.0 = Release|Any CPU
		{884DCBA4-5D88-4C9B-824B-88DBBEDDF5B3}.Debug|Any CPU.ActiveCfg = Debug|Any CPU
		{884DCBA4-5D88-4C9B-824B-88DBBEDDF5B3}.Debug|Any CPU.Build.0 = Debug|Any CPU
		{884DCBA4-5D88-4C9B-824B-88DBBEDDF5B3}.Release|Any CPU.ActiveCfg = Release|Any CPU
		{884DCBA4-5D88-4C9B-824B-88DBBEDDF5B3}.Release|Any CPU.Build.0 = Release|Any CPU
	EndGlobalSection
	GlobalSection(SolutionProperties) = preSolution
		HideSolutionNode = FALSE
	EndGlobalSection
	GlobalSection(ExtensibilityGlobals) = postSolution
		SolutionGuid = {484F5933-778F-4837-B379-0D5CB5DA94B8}
	EndGlobalSection
EndGlobal
